Microsoft Visual Studio Solution File, Format Version 12.00
# Visual Studio Version 17
VisualStudioVersion = 17.5.2.0
MinimumVisualStudioVersion = 10.0.40219.1
Project("{FAE04EC0-301F-11D3-BF4B-00C04F79EFBC}") = "QuanLySuaChua_BaoHanh", "QuanLySuaChua_BaoHanh.csproj", "{61625B87-B11B-86BA-CBF2-9042CF7AEC84}"
EndProject
Global
	GlobalSection(SolutionConfigurationPlatforms) = preSolution
		Debug|Any CPU = Debug|Any CPU
		Release|Any CPU = Release|Any CPU
	EndGlobalSection
	GlobalSection(ProjectConfigurationPlatforms) = postSolution
		{61625B87-B11B-86BA-CBF2-9042CF7AEC84}.Debug|Any CPU.ActiveCfg = Debug|Any CPU
		{61625B87-B11B-86BA-CBF2-9042CF7AEC84}.Debug|Any CPU.Build.0 = Debug|Any CPU
		{61625B87-B11B-86BA-CBF2-9042CF7AEC84}.Release|Any CPU.ActiveCfg = Release|Any CPU
		{61625B87-B11B-86BA-CBF2-9042CF7AEC84}.Release|Any CPU.Build.0 = Release|Any CPU
	EndGlobalSection
	GlobalSection(SolutionProperties) = preSolution
		HideSolutionNode = FALSE
	EndGlobalSection
	GlobalSection(ExtensibilityGlobals) = postSolution
		SolutionGuid = {35B0D432-A6D1-46C6-BBEB-47F33B775C17}
	EndGlobalSection
EndGlobal
